// !$*UTF8*$!
{
	archiveVersion = 1;
	classes = {
	};
	objectVersion = 55;
	objects = {

/* Begin PBXBuildFile section */
		EA41FC652983117F00E027EE /* AppDelegate.swift in Sources */ = {isa = PBXBuildFile; fileRef = EA41FC642983117F00E027EE /* AppDelegate.swift */; };
		EA41FC672983117F00E027EE /* SceneDelegate.swift in Sources */ = {isa = PBXBuildFile; fileRef = EA41FC662983117F00E027EE /* SceneDelegate.swift */; };
		EA41FC692983117F00E027EE /* ViewController.swift in Sources */ = {isa = PBXBuildFile; fileRef = EA41FC682983117F00E027EE /* ViewController.swift */; };
		EA41FC6C2983117F00E027EE /* Main.storyboard in Resources */ = {isa = PBXBuildFile; fileRef = EA41FC6A2983117F00E027EE /* Main.storyboard */; };
		EA41FC6E2983118100E027EE /* Assets.xcassets in Resources */ = {isa = PBXBuildFile; fileRef = EA41FC6D2983118100E027EE /* Assets.xcassets */; };
		EA41FC712983118100E027EE /* LaunchScreen.storyboard in Resources */ = {isa = PBXBuildFile; fileRef = EA41FC6F2983118100E027EE /* LaunchScreen.storyboard */; };
		EA41FC7C2983118100E027EE /* GreetingDemoTests.swift in Sources */ = {isa = PBXBuildFile; fileRef = EA41FC7B2983118100E027EE /* GreetingDemoTests.swift */; };
		EA41FC862983118100E027EE /* GreetingDemoUITests.swift in Sources */ = {isa = PBXBuildFile; fileRef = EA41FC852983118100E027EE /* GreetingDemoUITests.swift */; };
		EA41FC882983118100E027EE /* GreetingDemoUITestsLaunchTests.swift in Sources */ = {isa = PBXBuildFile; fileRef = EA41FC872983118100E027EE /* GreetingDemoUITestsLaunchTests.swift */; };
/* End PBXBuildFile section */

/* Begin PBXContainerItemProxy section */
		EA41FC782983118100E027EE /* PBXContainerItemProxy */ = {
			isa = PBXContainerItemProxy;
			containerPortal = EA41FC592983117E00E027EE /* Project object */;
			proxyType = 1;
			remoteGlobalIDString = EA41FC602983117F00E027EE;
			remoteInfo = GreetingDemo;
		};
		EA41FC822983118100E027EE /* PBXContainerItemProxy */ = {
			isa = PBXContainerItemProxy;
			containerPortal = EA41FC592983117E00E027EE /* Project object */;
			proxyType = 1;
			remoteGlobalIDString = EA41FC602983117F00E027EE;
			remoteInfo = GreetingDemo;
		};
/* End PBXContainerItemProxy section */

/* Begin PBXFileReference section */
		EA41FC612983117F00E027EE /* GreetingDemo.app */ = {isa = PBXFileReference; explicitFileType = wrapper.application; includeInIndex = 0; path = GreetingDemo.app; sourceTree = BUILT_PRODUCTS_DIR; };
		EA41FC642983117F00E027EE /* AppDelegate.swift */ = {isa = PBXFileReference; lastKnownFileType = sourcecode.swift; path = AppDelegate.swift; sourceTree = "<group>"; };
		EA41FC662983117F00E027EE /* SceneDelegate.swift */ = {isa = PBXFileReference; lastKnownFileType = sourcecode.swift; path = SceneDelegate.swift; sourceTree = "<group>"; };
		EA41FC682983117F00E027EE /* ViewController.swift */ = {isa = PBXFileReference; lastKnownFileType = sourcecode.swift; path = ViewController.swift; sourceTree = "<group>"; };
		EA41FC6B2983117F00E027EE /* Base */ = {isa = PBXFileReference; lastKnownFileType = file.storyboard; name = Base; path = Base.lproj/Main.storyboard; sourceTree = "<group>"; };
		EA41FC6D2983118100E027EE /* Assets.xcassets */ = {isa = PBXFileReference; lastKnownFileType = folder.assetcatalog; path = Assets.xcassets; sourceTree = "<group>"; };
		EA41FC702983118100E027EE /* Base */ = {isa = PBXFileReference; lastKnownFileType = file.storyboard; name = Base; path = Base.lproj/LaunchScreen.storyboard; sourceTree = "<group>"; };
		EA41FC722983118100E027EE /* Info.plist */ = {isa = PBXFileReference; lastKnownFileType = text.plist.xml; path = Info.plist; sourceTree = "<group>"; };
		EA41FC772983118100E027EE /* GreetingDemoTests.xctest */ = {isa = PBXFileReference; explicitFileType = wrapper.cfbundle; includeInIndex = 0; path = GreetingDemoTests.xctest; sourceTree = BUILT_PRODUCTS_DIR; };
		EA41FC7B2983118100E027EE /* GreetingDemoTests.swift */ = {isa = PBXFileReference; lastKnownFileType = sourcecode.swift; path = GreetingDemoTests.swift; sourceTree = "<group>"; };
		EA41FC812983118100E027EE /* GreetingDemoUITests.xctest */ = {isa = PBXFileReference; explicitFileType = wrapper.cfbundle; includeInIndex = 0; path = GreetingDemoUITests.xctest; sourceTree = BUILT_PRODUCTS_DIR; };
		EA41FC852983118100E027EE /* GreetingDemoUITests.swift */ = {isa = PBXFileReference; lastKnownFileType = sourcecode.swift; path = GreetingDemoUITests.swift; sourceTree = "<group>"; };
		EA41FC872983118100E027EE /* GreetingDemoUITestsLaunchTests.swift */ = {isa = PBXFileReference; lastKnownFileType = sourcecode.swift; path = GreetingDemoUITestsLaunchTests.swift; sourceTree = "<group>"; };
/* End PBXFileReference section */

/* Begin PBXFrameworksBuildPhase section */
		EA41FC5E2983117F00E027EE /* Frameworks */ = {
			isa = PBXFrameworksBuildPhase;
			buildActionMask = 2147483647;
			files = (
			);
			runOnlyForDeploymentPostprocessing = 0;
		};
		EA41FC742983118100E027EE /* Frameworks */ = {
			isa = PBXFrameworksBuildPhase;
			buildActionMask = 2147483647;
			files = (
			);
			runOnlyForDeploymentPostprocessing = 0;
		};
		EA41FC7E2983118100E027EE /* Frameworks */ = {
			isa = PBXFrameworksBuildPhase;
			buildActionMask = 2147483647;
			files = (
			);
			runOnlyForDeploymentPostprocessing = 0;
		};
/* End PBXFrameworksBuildPhase section */

/* Begin PBXGroup section */
		EA41FC582983117E00E027EE = {
			isa = PBXGroup;
			children = (
				EA41FC632983117F00E027EE /* GreetingDemo */,
				EA41FC7A2983118100E027EE /* GreetingDemoTests */,
				EA41FC842983118100E027EE /* GreetingDemoUITests */,
				EA41FC622983117F00E027EE /* Products */,
			);
			sourceTree = "<group>";
		};
		EA41FC622983117F00E027EE /* Products */ = {
			isa = PBXGroup;
			children = (
				EA41FC612983117F00E027EE /* GreetingDemo.app */,
				EA41FC772983118100E027EE /* GreetingDemoTests.xctest */,
				EA41FC812983118100E027EE /* GreetingDemoUITests.xctest */,
			);
			name = Products;
			sourceTree = "<group>";
		};
		EA41FC632983117F00E027EE /* GreetingDemo */ = {
			isa = PBXGroup;
			children = (
				EA41FC642983117F00E027EE /* AppDelegate.swift */,
				EA41FC662983117F00E027EE /* SceneDelegate.swift */,
				EA41FC682983117F00E027EE /* ViewController.swift */,
				EA41FC6A2983117F00E027EE /* Main.storyboard */,
				EA41FC6D2983118100E027EE /* Assets.xcassets */,
				EA41FC6F2983118100E027EE /* LaunchScreen.storyboard */,
				EA41FC722983118100E027EE /* Info.plist */,
			);
			path = GreetingDemo;
			sourceTree = "<group>";
		};
		EA41FC7A2983118100E027EE /* GreetingDemoTests */ = {
			isa = PBXGroup;
			children = (
				EA41FC7B2983118100E027EE /* GreetingDemoTests.swift */,
			);
			path = GreetingDemoTests;
			sourceTree = "<group>";
		};
		EA41FC842983118100E027EE /* GreetingDemoUITests */ = {
			isa = PBXGroup;
			children = (
				EA41FC852983118100E027EE /* GreetingDemoUITests.swift */,
				EA41FC872983118100E027EE /* GreetingDemoUITestsLaunchTests.swift */,
			);
			path = GreetingDemoUITests;
			sourceTree = "<group>";
		};
/* End PBXGroup section */

/* Begin PBXNativeTarget section */
		EA41FC602983117F00E027EE /* GreetingDemo */ = {
			isa = PBXNativeTarget;
			buildConfigurationList = EA41FC8B2983118100E027EE /* Build configuration list for PBXNativeTarget "GreetingDemo" */;
			buildPhases = (
				EA41FC5D2983117F00E027EE /* Sources */,
				EA41FC5E2983117F00E027EE /* Frameworks */,
				EA41FC5F2983117F00E027EE /* Resources */,
			);
			buildRules = (
			);
			dependencies = (
			);
			name = GreetingDemo;
			productName = GreetingDemo;
			productReference = EA41FC612983117F00E027EE /* GreetingDemo.app */;
			productType = "com.apple.product-type.application";
		};
		EA41FC762983118100E027EE /* GreetingDemoTests */ = {
			isa = PBXNativeTarget;
			buildConfigurationList = EA41FC8E2983118100E027EE /* Build configuration list for PBXNativeTarget "GreetingDemoTests" */;
			buildPhases = (
				EA41FC732983118100E027EE /* Sources */,
				EA41FC742983118100E027EE /* Frameworks */,
				EA41FC752983118100E027EE /* Resources */,
			);
			buildRules = (
			);
			dependencies = (
				EA41FC792983118100E027EE /* PBXTargetDependency */,
			);
			name = GreetingDemoTests;
			productName = GreetingDemoTests;
			productReference = EA41FC772983118100E027EE /* GreetingDemoTests.xctest */;
			productType = "com.apple.product-type.bundle.unit-test";
		};
		EA41FC802983118100E027EE /* GreetingDemoUITests */ = {
			isa = PBXNativeTarget;
			buildConfigurationList = EA41FC912983118100E027EE /* Build configuration list for PBXNativeTarget "GreetingDemoUITests" */;
			buildPhases = (
				EA41FC7D2983118100E027EE /* Sources */,
				EA41FC7E2983118100E027EE /* Frameworks */,
				EA41FC7F2983118100E027EE /* Resources */,
			);
			buildRules = (
			);
			dependencies = (
				EA41FC832983118100E027EE /* PBXTargetDependency */,
			);
			name = GreetingDemoUITests;
			productName = GreetingDemoUITests;
			productReference = EA41FC812983118100E027EE /* GreetingDemoUITests.xctest */;
			productType = "com.apple.product-type.bundle.ui-testing";
		};
/* End PBXNativeTarget section */

/* Begin PBXProject section */
		EA41FC592983117E00E027EE /* Project object */ = {
			isa = PBXProject;
			attributes = {
				BuildIndependentTargetsInParallel = 1;
				LastSwiftUpdateCheck = 1340;
				LastUpgradeCheck = 1340;
				TargetAttributes = {
					EA41FC602983117F00E027EE = {
						CreatedOnToolsVersion = 13.4.1;
					};
					EA41FC762983118100E027EE = {
						CreatedOnToolsVersion = 13.4.1;
						TestTargetID = EA41FC602983117F00E027EE;
					};
					EA41FC802983118100E027EE = {
						CreatedOnToolsVersion = 13.4.1;
						TestTargetID = EA41FC602983117F00E027EE;
					};
				};
			};
			buildConfigurationList = EA41FC5C2983117E00E027EE /* Build configuration list for PBXProject "GreetingDemo" */;
			compatibilityVersion = "Xcode 13.0";
			developmentRegion = en;
			hasScannedForEncodings = 0;
			knownRegions = (
				en,
				Base,
			);
			mainGroup = EA41FC582983117E00E027EE;
			productRefGroup = EA41FC622983117F00E027EE /* Products */;
			projectDirPath = "";
			projectRoot = "";
			targets = (
				EA41FC602983117F00E027EE /* GreetingDemo */,
				EA41FC762983118100E027EE /* GreetingDemoTests */,
				EA41FC802983118100E027EE /* GreetingDemoUITests */,
			);
		};
/* End PBXProject section */

/* Begin PBXResourcesBuildPhase section */
		EA41FC5F2983117F00E027EE /* Resources */ = {
			isa = PBXResourcesBuildPhase;
			buildActionMask = 2147483647;
			files = (
				EA41FC712983118100E027EE /* LaunchScreen.storyboard in Resources */,
				EA41FC6E2983118100E027EE /* Assets.xcassets in Resources */,
				EA41FC6C2983117F00E027EE /* Main.storyboard in Resources */,
			);
			runOnlyForDeploymentPostprocessing = 0;
		};
		EA41FC752983118100E027EE /* Resources */ = {
			isa = PBXResourcesBuildPhase;
			buildActionMask = 2147483647;
			files = (
			);
			runOnlyForDeploymentPostprocessing = 0;
		};
		EA41FC7F2983118100E027EE /* Resources */ = {
			isa = PBXResourcesBuildPhase;
			buildActionMask = 2147483647;
			files = (
			);
			runOnlyForDeploymentPostprocessing = 0;
		};
/* End PBXResourcesBuildPhase section */

/* Begin PBXSourcesBuildPhase section */
		EA41FC5D2983117F00E027EE /* Sources */ = {
			isa = PBXSourcesBuildPhase;
			buildActionMask = 2147483647;
			files = (
				EA41FC692983117F00E027EE /* ViewController.swift in Sources */,
				EA41FC652983117F00E027EE /* AppDelegate.swift in Sources */,
				EA41FC672983117F00E027EE /* SceneDelegate.swift in Sources */,
			);
			runOnlyForDeploymentPostprocessing = 0;
		};
		EA41FC732983118100E027EE /* Sources */ = {
			isa = PBXSourcesBuildPhase;
			buildActionMask = 2147483647;
			files = (
				EA41FC7C2983118100E027EE /* GreetingDemoTests.swift in Sources */,
			);
			runOnlyForDeploymentPostprocessing = 0;
		};
		EA41FC7D2983118100E027EE /* Sources */ = {
			isa = PBXSourcesBuildPhase;
			buildActionMask = 2147483647;
			files = (
				EA41FC882983118100E027EE /* GreetingDemoUITestsLaunchTests.swift in Sources */,
				EA41FC862983118100E027EE /* GreetingDemoUITests.swift in Sources */,
			);
			runOnlyForDeploymentPostprocessing = 0;
		};
/* End PBXSourcesBuildPhase section */

/* Begin PBXTargetDependency section */
		EA41FC792983118100E027EE /* PBXTargetDependency */ = {
			isa = PBXTargetDependency;
			target = EA41FC602983117F00E027EE /* GreetingDemo */;
			targetProxy = EA41FC782983118100E027EE /* PBXContainerItemProxy */;
		};
		EA41FC832983118100E027EE /* PBXTargetDependency */ = {
			isa = PBXTargetDependency;
			target = EA41FC602983117F00E027EE /* GreetingDemo */;
			targetProxy = EA41FC822983118100E027EE /* PBXContainerItemProxy */;
		};
/* End PBXTargetDependency section */

/* Begin PBXVariantGroup section */
		EA41FC6A2983117F00E027EE /* Main.storyboard */ = {
			isa = PBXVariantGroup;
			children = (
				EA41FC6B2983117F00E027EE /* Base */,
			);
			name = Main.storyboard;
			sourceTree = "<group>";
		};
		EA41FC6F2983118100E027EE /* LaunchScreen.storyboard */ = {
			isa = PBXVariantGroup;
			children = (
				EA41FC702983118100E027EE /* Base */,
			);
			name = LaunchScreen.storyboard;
			sourceTree = "<group>";
		};
/* End PBXVariantGroup section */

/* Begin XCBuildConfiguration section */
		EA41FC892983118100E027EE /* Debug */ = {
			isa = XCBuildConfiguration;
			buildSettings = {
				ALWAYS_SEARCH_USER_PATHS = NO;
				CLANG_ANALYZER_NONNULL = YES;
				CLANG_ANALYZER_NUMBER_OBJECT_CONVERSION = YES_AGGRESSIVE;
				CLANG_CXX_LANGUAGE_STANDARD = "gnu++17";
				CLANG_ENABLE_MODULES = YES;
				CLANG_ENABLE_OBJC_ARC = YES;
				CLANG_ENABLE_OBJC_WEAK = YES;
				CLANG_WARN_BLOCK_CAPTURE_AUTORELEASING = YES;
				CLANG_WARN_BOOL_CONVERSION = YES;
				CLANG_WARN_COMMA = YES;
				CLANG_WARN_CONSTANT_CONVERSION = YES;
				CLANG_WARN_DEPRECATED_OBJC_IMPLEMENTATIONS = YES;
				CLANG_WARN_DIRECT_OBJC_ISA_USAGE = YES_ERROR;
				CLANG_WARN_DOCUMENTATION_COMMENTS = YES;
				CLANG_WARN_EMPTY_BODY = YES;
				CLANG_WARN_ENUM_CONVERSION = YES;
				CLANG_WARN_INFINITE_RECURSION = YES;
				CLANG_WARN_INT_CONVERSION = YES;
				CLANG_WARN_NON_LITERAL_NULL_CONVERSION = YES;
				CLANG_WARN_OBJC_IMPLICIT_RETAIN_SELF = YES;
				CLANG_WARN_OBJC_LITERAL_CONVERSION = YES;
				CLANG_WARN_OBJC_ROOT_CLASS = YES_ERROR;
				CLANG_WARN_QUOTED_INCLUDE_IN_FRAMEWORK_HEADER = YES;
				CLANG_WARN_RANGE_LOOP_ANALYSIS = YES;
				CLANG_WARN_STRICT_PROTOTYPES = YES;
				CLANG_WARN_SUSPICIOUS_MOVE = YES;
				CLANG_WARN_UNGUARDED_AVAILABILITY = YES_AGGRESSIVE;
				CLANG_WARN_UNREACHABLE_CODE = YES;
				CLANG_WARN__DUPLICATE_METHOD_MATCH = YES;
				COPY_PHASE_STRIP = NO;
				DEBUG_INFORMATION_FORMAT = dwarf;
				ENABLE_STRICT_OBJC_MSGSEND = YES;
				ENABLE_TESTABILITY = YES;
				GCC_C_LANGUAGE_STANDARD = gnu11;
				GCC_DYNAMIC_NO_PIC = NO;
				GCC_NO_COMMON_BLOCKS = YES;
				GCC_OPTIMIZATION_LEVEL = 0;
				GCC_PREPROCESSOR_DEFINITIONS = (
					"DEBUG=1",
					"$(inherited)",
				);
				GCC_WARN_64_TO_32_BIT_CONVERSION = YES;
				GCC_WARN_ABOUT_RETURN_TYPE = YES_ERROR;
				GCC_WARN_UNDECLARED_SELECTOR = YES;
				GCC_WARN_UNINITIALIZED_AUTOS = YES_AGGRESSIVE;
				GCC_WARN_UNUSED_FUNCTION = YES;
				GCC_WARN_UNUSED_VARIABLE = YES;
				IPHONEOS_DEPLOYMENT_TARGET = 15.5;
				MTL_ENABLE_DEBUG_INFO = INCLUDE_SOURCE;
				MTL_FAST_MATH = YES;
				ONLY_ACTIVE_ARCH = YES;
				SDKROOT = iphoneos;
				SWIFT_ACTIVE_COMPILATION_CONDITIONS = DEBUG;
				SWIFT_OPTIMIZATION_LEVEL = "-Onone";
			};
			name = Debug;
		};
		EA41FC8A2983118100E027EE /* Release */ = {
			isa = XCBuildConfiguration;
			buildSettings = {
				ALWAYS_SEARCH_USER_PATHS = NO;
				CLANG_ANALYZER_NONNULL = YES;
				CLANG_ANALYZER_NUMBER_OBJECT_CONVERSION = YES_AGGRESSIVE;
				CLANG_CXX_LANGUAGE_STANDARD = "gnu++17";
				CLANG_ENABLE_MODULES = YES;
				CLANG_ENABLE_OBJC_ARC = YES;
				CLANG_ENABLE_OBJC_WEAK = YES;
				CLANG_WARN_BLOCK_CAPTURE_AUTORELEASING = YES;
				CLANG_WARN_BOOL_CONVERSION = YES;
				CLANG_WARN_COMMA = YES;
				CLANG_WARN_CONSTANT_CONVERSION = YES;
				CLANG_WARN_DEPRECATED_OBJC_IMPLEMENTATIONS = YES;
				CLANG_WARN_DIRECT_OBJC_ISA_USAGE = YES_ERROR;
				CLANG_WARN_DOCUMENTATION_COMMENTS = YES;
				CLANG_WARN_EMPTY_BODY = YES;
				CLANG_WARN_ENUM_CONVERSION = YES;
				CLANG_WARN_INFINITE_RECURSION = YES;
				CLANG_WARN_INT_CONVERSION = YES;
				CLANG_WARN_NON_LITERAL_NULL_CONVERSION = YES;
				CLANG_WARN_OBJC_IMPLICIT_RETAIN_SELF = YES;
				CLANG_WARN_OBJC_LITERAL_CONVERSION = YES;
				CLANG_WARN_OBJC_ROOT_CLASS = YES_ERROR;
				CLANG_WARN_QUOTED_INCLUDE_IN_FRAMEWORK_HEADER = YES;
				CLANG_WARN_RANGE_LOOP_ANALYSIS = YES;
				CLANG_WARN_STRICT_PROTOTYPES = YES;
				CLANG_WARN_SUSPICIOUS_MOVE = YES;
				CLANG_WARN_UNGUARDED_AVAILABILITY = YES_AGGRESSIVE;
				CLANG_WARN_UNREACHABLE_CODE = YES;
				CLANG_WARN__DUPLICATE_METHOD_MATCH = YES;
				COPY_PHASE_STRIP = NO;
				DEBUG_INFORMATION_FORMAT = "dwarf-with-dsym";
				ENABLE_NS_ASSERTIONS = NO;
				ENABLE_STRICT_OBJC_MSGSEND = YES;
				GCC_C_LANGUAGE_STANDARD = gnu11;
				GCC_NO_COMMON_BLOCKS = YES;
				GCC_WARN_64_TO_32_BIT_CONVERSION = YES;
				GCC_WARN_ABOUT_RETURN_TYPE = YES_ERROR;
				GCC_WARN_UNDECLARED_SELECTOR = YES;
				GCC_WARN_UNINITIALIZED_AUTOS = YES_AGGRESSIVE;
				GCC_WARN_UNUSED_FUNCTION = YES;
				GCC_WARN_UNUSED_VARIABLE = YES;
				IPHONEOS_DEPLOYMENT_TARGET = 15.5;
				MTL_ENABLE_DEBUG_INFO = NO;
				MTL_FAST_MATH = YES;
				SDKROOT = iphoneos;
				SWIFT_COMPILATION_MODE = wholemodule;
				SWIFT_OPTIMIZATION_LEVEL = "-O";
				VALIDATE_PRODUCT = YES;
			};
			name = Release;
		};
		EA41FC8C2983118100E027EE /* Debug */ = {
			isa = XCBuildConfiguration;
			buildSettings = {
				ASSETCATALOG_COMPILER_APPICON_NAME = AppIcon;
				ASSETCATALOG_COMPILER_GLOBAL_ACCENT_COLOR_NAME = AccentColor;
				CODE_SIGN_STYLE = Automatic;
				CURRENT_PROJECT_VERSION = 1;
				DEVELOPMENT_TEAM = 9TVKJLZCUC;
				GENERATE_INFOPLIST_FILE = YES;
				INFOPLIST_FILE = GreetingDemo/Info.plist;
				INFOPLIST_KEY_UIApplicationSupportsIndirectInputEvents = YES;
				INFOPLIST_KEY_UILaunchStoryboardName = LaunchScreen;
				INFOPLIST_KEY_UIMainStoryboardFile = Main;
				INFOPLIST_KEY_UISupportedInterfaceOrientations_iPad = "UIInterfaceOrientationPortrait UIInterfaceOrientationPortraitUpsideDown UIInterfaceOrientationLandscapeLeft UIInterfaceOrientationLandscapeRight";
				INFOPLIST_KEY_UISupportedInterfaceOrientations_iPhone = "UIInterfaceOrientationPortrait UIInterfaceOrientationLandscapeLeft UIInterfaceOrientationLandscapeRight";
				LD_RUNPATH_SEARCH_PATHS = (
					"$(inherited)",
					"@executable_path/Frameworks",
				);
				MARKETING_VERSION = 1.0;
				PRODUCT_BUNDLE_IDENTIFIER = edu.nwmissouri.GreetingDemo;
				PRODUCT_NAME = "$(TARGET_NAME)";
				SWIFT_EMIT_LOC_STRINGS = YES;
				SWIFT_VERSION = 5.0;
				TARGETED_DEVICE_FAMILY = "1,2";
			};
			name = Debug;
		};
		EA41FC8D2983118100E027EE /* Release */ = {
			isa = XCBuildConfiguration;
			buildSettings = {
				ASSETCATALOG_COMPILER_APPICON_NAME = AppIcon;
				ASSETCATALOG_COMPILER_GLOBAL_ACCENT_COLOR_NAME = AccentColor;
				CODE_SIGN_STYLE = Automatic;
				CURRENT_PROJECT_VERSION = 1;
				DEVELOPMENT_TEAM = 9TVKJLZCUC;
				GENERATE_INFOPLIST_FILE = YES;
				INFOPLIST_FILE = GreetingDemo/Info.plist;
				INFOPLIST_KEY_UIApplicationSupportsIndirectInputEvents = YES;
				INFOPLIST_KEY_UILaunchStoryboardName = LaunchScreen;
				INFOPLIST_KEY_UIMainStoryboardFile = Main;
				INFOPLIST_KEY_UISupportedInterfaceOrientations_iPad = "UIInterfaceOrientationPortrait UIInterfaceOrientationPortraitUpsideDown UIInterfaceOrientationLandscapeLeft UIInterfaceOrientationLandscapeRight";
				INFOPLIST_KEY_UISupportedInterfaceOrientations_iPhone = "UIInterfaceOrientationPortrait UIInterfaceOrientationLandscapeLeft UIInterfaceOrientationLandscapeRight";
				LD_RUNPATH_SEARCH_PATHS = (
					"$(inherited)",
					"@executable_path/Frameworks",
				);
				MARKETING_VERSION = 1.0;
				PRODUCT_BUNDLE_IDENTIFIER = edu.nwmissouri.GreetingDemo;
				PRODUCT_NAME = "$(TARGET_NAME)";
				SWIFT_EMIT_LOC_STRINGS = YES;
				SWIFT_VERSION = 5.0;
				TARGETED_DEVICE_FAMILY = "1,2";
			};
			name = Release;
		};
		EA41FC8F2983118100E027EE /* Debug */ = {
			isa = XCBuildConfiguration;
			buildSettings = {
				ALWAYS_EMBED_SWIFT_STANDARD_LIBRARIES = YES;
				BUNDLE_LOADER = "$(TEST_HOST)";
				CODE_SIGN_STYLE = Automatic;
				CURRENT_PROJECT_VERSION = 1;
				DEVELOPMENT_TEAM = 9TVKJLZCUC;
				GENERATE_INFOPLIST_FILE = YES;
				IPHONEOS_DEPLOYMENT_TARGET = 15.5;
				MARKETING_VERSION = 1.0;
				PRODUCT_BUNDLE_IDENTIFIER = edu.nwmissouri.GreetingDemoTests;
				PRODUCT_NAME = "$(TARGET_NAME)";
				SWIFT_EMIT_LOC_STRINGS = NO;
				SWIFT_VERSION = 5.0;
				TARGETED_DEVICE_FAMILY = "1,2";
				TEST_HOST = "$(BUILT_PRODUCTS_DIR)/GreetingDemo.app/GreetingDemo";
			};
			name = Debug;
		};
		EA41FC902983118100E027EE /* Release */ = {
			isa = XCBuildConfiguration;
			buildSettings = {
				ALWAYS_EMBED_SWIFT_STANDARD_LIBRARIES = YES;
				BUNDLE_LOADER = "$(TEST_HOST)";
				CODE_SIGN_STYLE = Automatic;
				CURRENT_PROJECT_VERSION = 1;
				DEVELOPMENT_TEAM = 9TVKJLZCUC;
				GENERATE_INFOPLIST_FILE = YES;
				IPHONEOS_DEPLOYMENT_TARGET = 15.5;
				MARKETING_VERSION = 1.0;
				PRODUCT_BUNDLE_IDENTIFIER = edu.nwmissouri.GreetingDemoTests;
				PRODUCT_NAME = "$(TARGET_NAME)";
				SWIFT_EMIT_LOC_STRINGS = NO;
				SWIFT_VERSION = 5.0;
				TARGETED_DEVICE_FAMILY = "1,2";
				TEST_HOST = "$(BUILT_PRODUCTS_DIR)/GreetingDemo.app/GreetingDemo";
			};
			name = Release;
		};
		EA41FC922983118100E027EE /* Debug */ = {
			isa = XCBuildConfiguration;
			buildSettings = {
				ALWAYS_EMBED_SWIFT_STANDARD_LIBRARIES = YES;
				CODE_SIGN_STYLE = Automatic;
				CURRENT_PROJECT_VERSION = 1;
				DEVELOPMENT_TEAM = 9TVKJLZCUC;
				GENERATE_INFOPLIST_FILE = YES;
				MARKETING_VERSION = 1.0;
				PRODUCT_BUNDLE_IDENTIFIER = edu.nwmissouri.GreetingDemoUITests;
				PRODUCT_NAME = "$(TARGET_NAME)";
				SWIFT_EMIT_LOC_STRINGS = NO;
				SWIFT_VERSION = 5.0;
				TARGETED_DEVICE_FAMILY = "1,2";
				TEST_TARGET_NAME = GreetingDemo;
			};
			name = Debug;
		};
		EA41FC932983118100E027EE /* Release */ = {
			isa = XCBuildConfiguration;
			buildSettings = {
				ALWAYS_EMBED_SWIFT_STANDARD_LIBRARIES = YES;
				CODE_SIGN_STYLE = Automatic;
				CURRENT_PROJECT_VERSION = 1;
				DEVELOPMENT_TEAM = 9TVKJLZCUC;
				GENERATE_INFOPLIST_FILE = YES;
				MARKETING_VERSION = 1.0;
				PRODUCT_BUNDLE_IDENTIFIER = edu.nwmissouri.GreetingDemoUITests;
				PRODUCT_NAME = "$(TARGET_NAME)";
				SWIFT_EMIT_LOC_STRINGS = NO;
				SWIFT_VERSION = 5.0;
				TARGETED_DEVICE_FAMILY = "1,2";
				TEST_TARGET_NAME = GreetingDemo;
			};
			name = Release;
		};
/* End XCBuildConfiguration section */

/* Begin XCConfigurationList section */
		EA41FC5C2983117E00E027EE /* Build configuration list for PBXProject "GreetingDemo" */ = {
			isa = XCConfigurationList;
			buildConfigurations = (
				EA41FC892983118100E027EE /* Debug */,
				EA41FC8A2983118100E027EE /* Release */,
			);
			defaultConfigurationIsVisible = 0;
			defaultConfigurationName = Release;
		};
		EA41FC8B2983118100E027EE /* Build configuration list for PBXNativeTarget "GreetingDemo" */ = {
			isa = XCConfigurationList;
			buildConfigurations = (
				EA41FC8C2983118100E027EE /* Debug */,
				EA41FC8D2983118100E027EE /* Release */,
			);
			defaultConfigurationIsVisible = 0;
			defaultConfigurationName = Release;
		};
		EA41FC8E2983118100E027EE /* Build configuration list for PBXNativeTarget "GreetingDemoTests" */ = {
			isa = XCConfigurationList;
			buildConfigurations = (
				EA41FC8F2983118100E027EE /* Debug */,
				EA41FC902983118100E027EE /* Release */,
			);
			defaultConfigurationIsVisible = 0;
			defaultConfigurationName = Release;
		};
		EA41FC912983118100E027EE /* Build configuration list for PBXNativeTarget "GreetingDemoUITests" */ = {
			isa = XCConfigurationList;
			buildConfigurations = (
				EA41FC922983118100E027EE /* Debug */,
				EA41FC932983118100E027EE /* Release */,
			);
			defaultConfigurationIsVisible = 0;
			defaultConfigurationName = Release;
		};
/* End XCConfigurationList section */
	};
	rootObject = EA41FC592983117E00E027EE /* Project object */;
}
